
Microsoft Visual Studio Solution File, Format Version 12.00
# Visual Studio Version 17
VisualStudioVersion = 17.11.35312.102
MinimumVisualStudioVersion = 10.0.40219.1
Project("{FAE04EC0-301F-11D3-BF4B-00C04F79EFBC}") = "DHKTPM17A _NguyenKhaMinh", "DHKTPM17A _NguyenKhaMinh.csproj", "{59DC696A-41BE-4296-B860-DD5785D977CE}"
EndProject
Global
	GlobalSection(SolutionConfigurationPlatforms) = preSolution
		Debug|Any CPU = Debug|Any CPU
		Release|Any CPU = Release|Any CPU
	EndGlobalSection
	GlobalSection(ProjectConfigurationPlatforms) = postSolution
		{59DC696A-41BE-4296-B860-DD5785D977CE}.Debug|Any CPU.ActiveCfg = Debug|Any CPU
		{59DC696A-41BE-4296-B860-DD5785D977CE}.Debug|Any CPU.Build.0 = Debug|Any CPU
		{59DC696A-41BE-4296-B860-DD5785D977CE}.Release|Any CPU.ActiveCfg = Release|Any CPU
		{59DC696A-41BE-4296-B860-DD5785D977CE}.Release|Any CPU.Build.0 = Release|Any CPU
	EndGlobalSection
	GlobalSection(SolutionProperties) = preSolution
		HideSolutionNode = FALSE
	EndGlobalSection
	GlobalSection(ExtensibilityGlobals) = postSolution
		SolutionGuid = {55A4A35E-61C9-47C6-8DB8-54F8B66764FB}
	EndGlobalSection
EndGlobal
